// !$*UTF8*$!
{
	archiveVersion = 1;
	classes = {
	};
	objectVersion = 50;
	objects = {

/* Begin PBXBuildFile section */
		0880F21A3A0629CD79F94215 /* Pods_LaVieUITests.framework in Frameworks */ = {isa = PBXBuildFile; fileRef = E4C00DF236D7FAF0DC2619D8 /* Pods_LaVieUITests.framework */; };
		5D032F892228BA50000FCEEC /* Localizable.strings in Resources */ = {isa = PBXBuildFile; fileRef = 5D032F8B2228BA50000FCEEC /* Localizable.strings */; };
		5D032F8E2228BF6D000FCEEC /* Utils.swift in Sources */ = {isa = PBXBuildFile; fileRef = 5D032F8D2228BF6D000FCEEC /* Utils.swift */; };
		5D032F902228CCB5000FCEEC /* Aspect.swift in Sources */ = {isa = PBXBuildFile; fileRef = 5D032F8F2228CCB5000FCEEC /* Aspect.swift */; };
		5D032F922228CE51000FCEEC /* Documantable.swift in Sources */ = {isa = PBXBuildFile; fileRef = 5D032F912228CE51000FCEEC /* Documantable.swift */; };
		5D10CEF7222361AD00205B27 /* GoalShowViewController.swift in Sources */ = {isa = PBXBuildFile; fileRef = 5D10CEF6222361AD00205B27 /* GoalShowViewController.swift */; };
		5D3F4AE6222324A900B13FF8 /* GoalCell.swift in Sources */ = {isa = PBXBuildFile; fileRef = 5D3F4AE5222324A900B13FF8 /* GoalCell.swift */; };
		5D3F4AE9222324DF00B13FF8 /* Goal.swift in Sources */ = {isa = PBXBuildFile; fileRef = 5D3F4AE8222324DF00B13FF8 /* Goal.swift */; };
		5D4B5FA92226FAF100BA173D /* GoalCreateViewController.swift in Sources */ = {isa = PBXBuildFile; fileRef = 5D4B5FA82226FAF100BA173D /* GoalCreateViewController.swift */; };
		5D4B5FAB2226FCB900BA173D /* LVModable.swift in Sources */ = {isa = PBXBuildFile; fileRef = 5D4B5FAA2226FCB900BA173D /* LVModable.swift */; };
		5D4B5FAD2227055900BA173D /* LVViewControllable.swift in Sources */ = {isa = PBXBuildFile; fileRef = 5D4B5FAC2227055900BA173D /* LVViewControllable.swift */; };
		5D4B5FAF2227376E00BA173D /* GoogleService-Info.plist in Resources */ = {isa = PBXBuildFile; fileRef = 5D4B5FAE2227376E00BA173D /* GoogleService-Info.plist */; };
		5D4B5FB322276EF000BA173D /* AspectManager.swift in Sources */ = {isa = PBXBuildFile; fileRef = 5D4B5FB222276EF000BA173D /* AspectManager.swift */; };
		5D5BB78622319B78008823F6 /* ActionApi.swift in Sources */ = {isa = PBXBuildFile; fileRef = 5D5BB78522319B78008823F6 /* ActionApi.swift */; };
		5D5BB78822319C54008823F6 /* Firestore.swift in Sources */ = {isa = PBXBuildFile; fileRef = 5D5BB78722319C54008823F6 /* Firestore.swift */; };
		5D63A8CD221F581600871932 /* Theme.swift in Sources */ = {isa = PBXBuildFile; fileRef = 5D63A8CC221F581600871932 /* Theme.swift */; };
		5D63A8D3221F62CA00871932 /* LVTabsController.swift in Sources */ = {isa = PBXBuildFile; fileRef = 5D63A8D2221F62CA00871932 /* LVTabsController.swift */; };
		5D63A8D5221F63C800871932 /* GoalListViewController.swift in Sources */ = {isa = PBXBuildFile; fileRef = 5D63A8D4221F63C800871932 /* GoalListViewController.swift */; };
		5D63A8D7221F656100871932 /* LVFlatList.swift in Sources */ = {isa = PBXBuildFile; fileRef = 5D63A8D6221F656100871932 /* LVFlatList.swift */; };
		5D898216221DCDF400D4BE1C /* AppDelegate.swift in Sources */ = {isa = PBXBuildFile; fileRef = 5D898215221DCDF400D4BE1C /* AppDelegate.swift */; };
		5D89821D221DCDF400D4BE1C /* Assets.xcassets in Resources */ = {isa = PBXBuildFile; fileRef = 5D89821C221DCDF400D4BE1C /* Assets.xcassets */; };
		5D898220221DCDF400D4BE1C /* LaunchScreen.storyboard in Resources */ = {isa = PBXBuildFile; fileRef = 5D89821E221DCDF400D4BE1C /* LaunchScreen.storyboard */; };
		5D89822B221DCDF400D4BE1C /* LaVieTests.swift in Sources */ = {isa = PBXBuildFile; fileRef = 5D89822A221DCDF400D4BE1C /* LaVieTests.swift */; };
		5D898236221DCDF400D4BE1C /* LaVieUITests.swift in Sources */ = {isa = PBXBuildFile; fileRef = 5D898235221DCDF400D4BE1C /* LaVieUITests.swift */; };
		5DD87F30222EFE280054B324 /* GoalListViewModel.swift in Sources */ = {isa = PBXBuildFile; fileRef = 5DD87F2F222EFE280054B324 /* GoalListViewModel.swift */; };
		5DD87F33222F1D2E0054B324 /* GoalApi.swift in Sources */ = {isa = PBXBuildFile; fileRef = 5DD87F32222F1D2E0054B324 /* GoalApi.swift */; };
		5DD87F35223046F30054B324 /* GoalShowViewModel.swift in Sources */ = {isa = PBXBuildFile; fileRef = 5DD87F34223046F30054B324 /* GoalShowViewModel.swift */; };
		5DD87F372230A3FA0054B324 /* ActionSectionModel.swift in Sources */ = {isa = PBXBuildFile; fileRef = 5DD87F362230A3FA0054B324 /* ActionSectionModel.swift */; };
		5DD87F392230A5D70054B324 /* LVViewModel.swift in Sources */ = {isa = PBXBuildFile; fileRef = 5DD87F382230A5D70054B324 /* LVViewModel.swift */; };
		5DD87F3B2230AD8B0054B324 /* ActionCell.swift in Sources */ = {isa = PBXBuildFile; fileRef = 5DD87F3A2230AD8B0054B324 /* ActionCell.swift */; };
		5DDC4E86222C4DF70012A3B6 /* LVPushable.swift in Sources */ = {isa = PBXBuildFile; fileRef = 5DDC4E85222C4DF70012A3B6 /* LVPushable.swift */; };
		5DDC4E88222C53540012A3B6 /* Action.swift in Sources */ = {isa = PBXBuildFile; fileRef = 5DDC4E87222C53540012A3B6 /* Action.swift */; };
		5DDC4E8A222CB4FC0012A3B6 /* LVCell.swift in Sources */ = {isa = PBXBuildFile; fileRef = 5DDC4E89222CB4FC0012A3B6 /* LVCell.swift */; };
		5DDC4E8C222CD00C0012A3B6 /* Date.swift in Sources */ = {isa = PBXBuildFile; fileRef = 5DDC4E8B222CD00C0012A3B6 /* Date.swift */; };
		5DF47ED4221F56ED008F2D88 /* LVTabbable.swift in Sources */ = {isa = PBXBuildFile; fileRef = 5DF47ED3221F56ED008F2D88 /* LVTabbable.swift */; };
		862BDD84713DC841B67CD60E /* Pods_LaVieTests.framework in Frameworks */ = {isa = PBXBuildFile; fileRef = E90ED558A089D3922BAEEF4B /* Pods_LaVieTests.framework */; };
		AAF502127DF91870EFFAA634 /* Pods_LaVie.framework in Frameworks */ = {isa = PBXBuildFile; fileRef = 2C19F279F09D4B3C8AB4536E /* Pods_LaVie.framework */; };
		CA08D93F223209DC00E00E51 /* Locker.swift in Sources */ = {isa = PBXBuildFile; fileRef = CA08D93E223209DC00E00E51 /* Locker.swift */; };
/* End PBXBuildFile section */

/* Begin PBXContainerItemProxy section */
		5D898227221DCDF400D4BE1C /* PBXContainerItemProxy */ = {
			isa = PBXContainerItemProxy;
			containerPortal = 5D89820A221DCDF400D4BE1C /* Project object */;
			proxyType = 1;
			remoteGlobalIDString = 5D898211221DCDF400D4BE1C;
			remoteInfo = LaVie;
		};
		5D898232221DCDF400D4BE1C /* PBXContainerItemProxy */ = {
			isa = PBXContainerItemProxy;
			containerPortal = 5D89820A221DCDF400D4BE1C /* Project object */;
			proxyType = 1;
			remoteGlobalIDString = 5D898211221DCDF400D4BE1C;
			remoteInfo = LaVie;
		};
/* End PBXContainerItemProxy section */

/* Begin PBXFileReference section */
		05201C67F33E3DFEDC1AC5FE /* Pods-LaVie.debug.xcconfig */ = {isa = PBXFileReference; includeInIndex = 1; lastKnownFileType = text.xcconfig; name = "Pods-LaVie.debug.xcconfig"; path = "Target Support Files/Pods-LaVie/Pods-LaVie.debug.xcconfig"; sourceTree = "<group>"; };
		2C19F279F09D4B3C8AB4536E /* Pods_LaVie.framework */ = {isa = PBXFileReference; explicitFileType = wrapper.framework; includeInIndex = 0; path = Pods_LaVie.framework; sourceTree = BUILT_PRODUCTS_DIR; };
		34BA88A6E2906DB4AF280F69 /* Pods-LaVieUITests.debug.xcconfig */ = {isa = PBXFileReference; includeInIndex = 1; lastKnownFileType = text.xcconfig; name = "Pods-LaVieUITests.debug.xcconfig"; path = "Target Support Files/Pods-LaVieUITests/Pods-LaVieUITests.debug.xcconfig"; sourceTree = "<group>"; };
		4073E1B04FF03196EDA1F659 /* Pods-LaVieTests.debug.xcconfig */ = {isa = PBXFileReference; includeInIndex = 1; lastKnownFileType = text.xcconfig; name = "Pods-LaVieTests.debug.xcconfig"; path = "Target Support Files/Pods-LaVieTests/Pods-LaVieTests.debug.xcconfig"; sourceTree = "<group>"; };
		5D032F862228B9D3000FCEEC /* pt-BR */ = {isa = PBXFileReference; lastKnownFileType = text.plist.strings; name = "pt-BR"; path = "pt-BR.lproj/LaunchScreen.strings"; sourceTree = "<group>"; };
		5D032F8A2228BA50000FCEEC /* en */ = {isa = PBXFileReference; lastKnownFileType = text.plist.strings; name = en; path = en.lproj/Localizable.strings; sourceTree = "<group>"; };
		5D032F8C2228BA52000FCEEC /* pt-BR */ = {isa = PBXFileReference; lastKnownFileType = text.plist.strings; name = "pt-BR"; path = "pt-BR.lproj/Localizable.strings"; sourceTree = "<group>"; };
		5D032F8D2228BF6D000FCEEC /* Utils.swift */ = {isa = PBXFileReference; lastKnownFileType = sourcecode.swift; path = Utils.swift; sourceTree = "<group>"; };
		5D032F8F2228CCB5000FCEEC /* Aspect.swift */ = {isa = PBXFileReference; lastKnownFileType = sourcecode.swift; path = Aspect.swift; sourceTree = "<group>"; };
		5D032F912228CE51000FCEEC /* Documantable.swift */ = {isa = PBXFileReference; lastKnownFileType = sourcecode.swift; path = Documantable.swift; sourceTree = "<group>"; };
		5D10CEF6222361AD00205B27 /* GoalShowViewController.swift */ = {isa = PBXFileReference; lastKnownFileType = sourcecode.swift; path = GoalShowViewController.swift; sourceTree = "<group>"; };
		5D3F4AE5222324A900B13FF8 /* GoalCell.swift */ = {isa = PBXFileReference; lastKnownFileType = sourcecode.swift; path = GoalCell.swift; sourceTree = "<group>"; };
		5D3F4AE8222324DF00B13FF8 /* Goal.swift */ = {isa = PBXFileReference; lastKnownFileType = sourcecode.swift; path = Goal.swift; sourceTree = "<group>"; };
		5D4B5FA82226FAF100BA173D /* GoalCreateViewController.swift */ = {isa = PBXFileReference; lastKnownFileType = sourcecode.swift; path = GoalCreateViewController.swift; sourceTree = "<group>"; };
		5D4B5FAA2226FCB900BA173D /* LVModable.swift */ = {isa = PBXFileReference; lastKnownFileType = sourcecode.swift; path = LVModable.swift; sourceTree = "<group>"; };
		5D4B5FAC2227055900BA173D /* LVViewControllable.swift */ = {isa = PBXFileReference; lastKnownFileType = sourcecode.swift; path = LVViewControllable.swift; sourceTree = "<group>"; };
		5D4B5FAE2227376E00BA173D /* GoogleService-Info.plist */ = {isa = PBXFileReference; fileEncoding = 4; lastKnownFileType = text.plist.xml; name = "GoogleService-Info.plist"; path = "../../../Downloads/GoogleService-Info.plist"; sourceTree = "<group>"; };
		5D4B5FB222276EF000BA173D /* AspectManager.swift */ = {isa = PBXFileReference; lastKnownFileType = sourcecode.swift; path = AspectManager.swift; sourceTree = "<group>"; };
		5D5BB78522319B78008823F6 /* ActionApi.swift */ = {isa = PBXFileReference; lastKnownFileType = sourcecode.swift; path = ActionApi.swift; sourceTree = "<group>"; };
		5D5BB78722319C54008823F6 /* Firestore.swift */ = {isa = PBXFileReference; lastKnownFileType = sourcecode.swift; path = Firestore.swift; sourceTree = "<group>"; };
		5D63A8CC221F581600871932 /* Theme.swift */ = {isa = PBXFileReference; lastKnownFileType = sourcecode.swift; path = Theme.swift; sourceTree = "<group>"; };
		5D63A8D2221F62CA00871932 /* LVTabsController.swift */ = {isa = PBXFileReference; lastKnownFileType = sourcecode.swift; path = LVTabsController.swift; sourceTree = "<group>"; };
		5D63A8D4221F63C800871932 /* GoalListViewController.swift */ = {isa = PBXFileReference; lastKnownFileType = sourcecode.swift; path = GoalListViewController.swift; sourceTree = "<group>"; };
		5D63A8D6221F656100871932 /* LVFlatList.swift */ = {isa = PBXFileReference; lastKnownFileType = sourcecode.swift; path = LVFlatList.swift; sourceTree = "<group>"; };
		5D898212221DCDF400D4BE1C /* LaVie.app */ = {isa = PBXFileReference; explicitFileType = wrapper.application; includeInIndex = 0; path = LaVie.app; sourceTree = BUILT_PRODUCTS_DIR; };
		5D898215221DCDF400D4BE1C /* AppDelegate.swift */ = {isa = PBXFileReference; lastKnownFileType = sourcecode.swift; path = AppDelegate.swift; sourceTree = "<group>"; };
		5D89821C221DCDF400D4BE1C /* Assets.xcassets */ = {isa = PBXFileReference; lastKnownFileType = folder.assetcatalog; path = Assets.xcassets; sourceTree = "<group>"; };
		5D89821F221DCDF400D4BE1C /* Base */ = {isa = PBXFileReference; lastKnownFileType = file.storyboard; name = Base; path = Base.lproj/LaunchScreen.storyboard; sourceTree = "<group>"; };
		5D898221221DCDF400D4BE1C /* Info.plist */ = {isa = PBXFileReference; lastKnownFileType = text.plist.xml; path = Info.plist; sourceTree = "<group>"; };
		5D898226221DCDF400D4BE1C /* LaVieTests.xctest */ = {isa = PBXFileReference; explicitFileType = wrapper.cfbundle; includeInIndex = 0; path = LaVieTests.xctest; sourceTree = BUILT_PRODUCTS_DIR; };
		5D89822A221DCDF400D4BE1C /* LaVieTests.swift */ = {isa = PBXFileReference; lastKnownFileType = sourcecode.swift; path = LaVieTests.swift; sourceTree = "<group>"; };
		5D89822C221DCDF400D4BE1C /* Info.plist */ = {isa = PBXFileReference; lastKnownFileType = text.plist.xml; path = Info.plist; sourceTree = "<group>"; };
		5D898231221DCDF400D4BE1C /* LaVieUITests.xctest */ = {isa = PBXFileReference; explicitFileType = wrapper.cfbundle; includeInIndex = 0; path = LaVieUITests.xctest; sourceTree = BUILT_PRODUCTS_DIR; };
		5D898235221DCDF400D4BE1C /* LaVieUITests.swift */ = {isa = PBXFileReference; lastKnownFileType = sourcecode.swift; path = LaVieUITests.swift; sourceTree = "<group>"; };
		5D898237221DCDF400D4BE1C /* Info.plist */ = {isa = PBXFileReference; lastKnownFileType = text.plist.xml; path = Info.plist; sourceTree = "<group>"; };
		5DD87F2F222EFE280054B324 /* GoalListViewModel.swift */ = {isa = PBXFileReference; lastKnownFileType = sourcecode.swift; path = GoalListViewModel.swift; sourceTree = "<group>"; };
		5DD87F32222F1D2E0054B324 /* GoalApi.swift */ = {isa = PBXFileReference; lastKnownFileType = sourcecode.swift; path = GoalApi.swift; sourceTree = "<group>"; };
		5DD87F34223046F30054B324 /* GoalShowViewModel.swift */ = {isa = PBXFileReference; lastKnownFileType = sourcecode.swift; path = GoalShowViewModel.swift; sourceTree = "<group>"; };
		5DD87F362230A3FA0054B324 /* ActionSectionModel.swift */ = {isa = PBXFileReference; lastKnownFileType = sourcecode.swift; path = ActionSectionModel.swift; sourceTree = "<group>"; };
		5DD87F382230A5D70054B324 /* LVViewModel.swift */ = {isa = PBXFileReference; lastKnownFileType = sourcecode.swift; path = LVViewModel.swift; sourceTree = "<group>"; };
		5DD87F3A2230AD8B0054B324 /* ActionCell.swift */ = {isa = PBXFileReference; lastKnownFileType = sourcecode.swift; path = ActionCell.swift; sourceTree = "<group>"; };
		5DDC4E85222C4DF70012A3B6 /* LVPushable.swift */ = {isa = PBXFileReference; lastKnownFileType = sourcecode.swift; path = LVPushable.swift; sourceTree = "<group>"; };
		5DDC4E87222C53540012A3B6 /* Action.swift */ = {isa = PBXFileReference; lastKnownFileType = sourcecode.swift; path = Action.swift; sourceTree = "<group>"; };
		5DDC4E89222CB4FC0012A3B6 /* LVCell.swift */ = {isa = PBXFileReference; lastKnownFileType = sourcecode.swift; path = LVCell.swift; sourceTree = "<group>"; };
		5DDC4E8B222CD00C0012A3B6 /* Date.swift */ = {isa = PBXFileReference; lastKnownFileType = sourcecode.swift; path = Date.swift; sourceTree = "<group>"; };
		5DF47ED3221F56ED008F2D88 /* LVTabbable.swift */ = {isa = PBXFileReference; lastKnownFileType = sourcecode.swift; path = LVTabbable.swift; sourceTree = "<group>"; };
		A29E00AAFD6C3EB27072C51F /* Pods-LaVieTests.release.xcconfig */ = {isa = PBXFileReference; includeInIndex = 1; lastKnownFileType = text.xcconfig; name = "Pods-LaVieTests.release.xcconfig"; path = "Target Support Files/Pods-LaVieTests/Pods-LaVieTests.release.xcconfig"; sourceTree = "<group>"; };
		CA08D93E223209DC00E00E51 /* Locker.swift */ = {isa = PBXFileReference; lastKnownFileType = sourcecode.swift; path = Locker.swift; sourceTree = "<group>"; };
		E4C00DF236D7FAF0DC2619D8 /* Pods_LaVieUITests.framework */ = {isa = PBXFileReference; explicitFileType = wrapper.framework; includeInIndex = 0; path = Pods_LaVieUITests.framework; sourceTree = BUILT_PRODUCTS_DIR; };
		E90ED558A089D3922BAEEF4B /* Pods_LaVieTests.framework */ = {isa = PBXFileReference; explicitFileType = wrapper.framework; includeInIndex = 0; path = Pods_LaVieTests.framework; sourceTree = BUILT_PRODUCTS_DIR; };
		F33D041D97A4BF6EB0C867EB /* Pods-LaVieUITests.release.xcconfig */ = {isa = PBXFileReference; includeInIndex = 1; lastKnownFileType = text.xcconfig; name = "Pods-LaVieUITests.release.xcconfig"; path = "Target Support Files/Pods-LaVieUITests/Pods-LaVieUITests.release.xcconfig"; sourceTree = "<group>"; };
		F7AECAD9360D8A91AC2C1855 /* Pods-LaVie.release.xcconfig */ = {isa = PBXFileReference; includeInIndex = 1; lastKnownFileType = text.xcconfig; name = "Pods-LaVie.release.xcconfig"; path = "Target Support Files/Pods-LaVie/Pods-LaVie.release.xcconfig"; sourceTree = "<group>"; };
/* End PBXFileReference section */

/* Begin PBXFrameworksBuildPhase section */
		5D89820F221DCDF400D4BE1C /* Frameworks */ = {
			isa = PBXFrameworksBuildPhase;
			buildActionMask = 2147483647;
			files = (
				AAF502127DF91870EFFAA634 /* Pods_LaVie.framework in Frameworks */,
			);
			runOnlyForDeploymentPostprocessing = 0;
		};
		5D898223221DCDF400D4BE1C /* Frameworks */ = {
			isa = PBXFrameworksBuildPhase;
			buildActionMask = 2147483647;
			files = (
				862BDD84713DC841B67CD60E /* Pods_LaVieTests.framework in Frameworks */,
			);
			runOnlyForDeploymentPostprocessing = 0;
		};
		5D89822E221DCDF400D4BE1C /* Frameworks */ = {
			isa = PBXFrameworksBuildPhase;
			buildActionMask = 2147483647;
			files = (
				0880F21A3A0629CD79F94215 /* Pods_LaVieUITests.framework in Frameworks */,
			);
			runOnlyForDeploymentPostprocessing = 0;
		};
/* End PBXFrameworksBuildPhase section */

/* Begin PBXGroup section */
		464A35A5CEDA6CE5AAC58F62 /* Pods */ = {
			isa = PBXGroup;
			children = (
				05201C67F33E3DFEDC1AC5FE /* Pods-LaVie.debug.xcconfig */,
				F7AECAD9360D8A91AC2C1855 /* Pods-LaVie.release.xcconfig */,
				4073E1B04FF03196EDA1F659 /* Pods-LaVieTests.debug.xcconfig */,
				A29E00AAFD6C3EB27072C51F /* Pods-LaVieTests.release.xcconfig */,
				34BA88A6E2906DB4AF280F69 /* Pods-LaVieUITests.debug.xcconfig */,
				F33D041D97A4BF6EB0C867EB /* Pods-LaVieUITests.release.xcconfig */,
			);
			path = Pods;
			sourceTree = "<group>";
		};
		4FA0620FCA002FC50E4B3D1F /* Frameworks */ = {
			isa = PBXGroup;
			children = (
				2C19F279F09D4B3C8AB4536E /* Pods_LaVie.framework */,
				E90ED558A089D3922BAEEF4B /* Pods_LaVieTests.framework */,
				E4C00DF236D7FAF0DC2619D8 /* Pods_LaVieUITests.framework */,
			);
			name = Frameworks;
			sourceTree = "<group>";
		};
		5D10CEF42223618900205B27 /* Goals */ = {
			isa = PBXGroup;
			children = (
				5DD87F31222F1D210054B324 /* Api */,
				5D4B5FB122276ED800BA173D /* Utils */,
				5D3F4AE7222324CE00B13FF8 /* Models */,
				5DF47ED1221F56BF008F2D88 /* Screens */,
			);
			path = Goals;
			sourceTree = "<group>";
		};
		5D10CEF52223619E00205B27 /* Show */ = {
			isa = PBXGroup;
			children = (
				5D10CEF6222361AD00205B27 /* GoalShowViewController.swift */,
				5DD87F34223046F30054B324 /* GoalShowViewModel.swift */,
				5DD87F362230A3FA0054B324 /* ActionSectionModel.swift */,
				5DD87F3A2230AD8B0054B324 /* ActionCell.swift */,
			);
			path = Show;
			sourceTree = "<group>";
		};
		5D3F4AE42223245000B13FF8 /* List */ = {
			isa = PBXGroup;
			children = (
				5D63A8D4221F63C800871932 /* GoalListViewController.swift */,
				5D3F4AE5222324A900B13FF8 /* GoalCell.swift */,
				5DD87F2F222EFE280054B324 /* GoalListViewModel.swift */,
			);
			path = List;
			sourceTree = "<group>";
		};
		5D3F4AE7222324CE00B13FF8 /* Models */ = {
			isa = PBXGroup;
			children = (
				5D3F4AE8222324DF00B13FF8 /* Goal.swift */,
				5D032F8F2228CCB5000FCEEC /* Aspect.swift */,
				5DDC4E87222C53540012A3B6 /* Action.swift */,
			);
			path = Models;
			sourceTree = "<group>";
		};
		5D4B5FA72226FA9F00BA173D /* Create */ = {
			isa = PBXGroup;
			children = (
				5D4B5FA82226FAF100BA173D /* GoalCreateViewController.swift */,
			);
			name = Create;
			path = "New Group";
			sourceTree = "<group>";
		};
		5D4B5FB122276ED800BA173D /* Utils */ = {
			isa = PBXGroup;
			children = (
				5D4B5FB222276EF000BA173D /* AspectManager.swift */,
			);
			path = Utils;
			sourceTree = "<group>";
		};
		5D898209221DCDF400D4BE1C = {
			isa = PBXGroup;
			children = (
				5D032F8B2228BA50000FCEEC /* Localizable.strings */,
				5D898214221DCDF400D4BE1C /* LaVie */,
				5D898229221DCDF400D4BE1C /* LaVieTests */,
				5D898234221DCDF400D4BE1C /* LaVieUITests */,
				5D898213221DCDF400D4BE1C /* Products */,
				464A35A5CEDA6CE5AAC58F62 /* Pods */,
				4FA0620FCA002FC50E4B3D1F /* Frameworks */,
			);
			sourceTree = "<group>";
		};
		5D898213221DCDF400D4BE1C /* Products */ = {
			isa = PBXGroup;
			children = (
				5D898212221DCDF400D4BE1C /* LaVie.app */,
				5D898226221DCDF400D4BE1C /* LaVieTests.xctest */,
				5D898231221DCDF400D4BE1C /* LaVieUITests.xctest */,
			);
			name = Products;
			sourceTree = "<group>";
		};
		5D898214221DCDF400D4BE1C /* LaVie */ = {
			isa = PBXGroup;
			children = (
				5D10CEF42223618900205B27 /* Goals */,
				5DF47ED2221F56CC008F2D88 /* Utils */,
				5D898215221DCDF400D4BE1C /* AppDelegate.swift */,
				5D89821C221DCDF400D4BE1C /* Assets.xcassets */,
				5D89821E221DCDF400D4BE1C /* LaunchScreen.storyboard */,
				5D898221221DCDF400D4BE1C /* Info.plist */,
				5D4B5FAE2227376E00BA173D /* GoogleService-Info.plist */,
			);
			path = LaVie;
			sourceTree = "<group>";
		};
		5D898229221DCDF400D4BE1C /* LaVieTests */ = {
			isa = PBXGroup;
			children = (
				5D89822A221DCDF400D4BE1C /* LaVieTests.swift */,
				5D89822C221DCDF400D4BE1C /* Info.plist */,
			);
			path = LaVieTests;
			sourceTree = "<group>";
		};
		5D898234221DCDF400D4BE1C /* LaVieUITests */ = {
			isa = PBXGroup;
			children = (
				5D898235221DCDF400D4BE1C /* LaVieUITests.swift */,
				5D898237221DCDF400D4BE1C /* Info.plist */,
			);
			path = LaVieUITests;
			sourceTree = "<group>";
		};
		5DD87F31222F1D210054B324 /* Api */ = {
			isa = PBXGroup;
			children = (
				5DD87F32222F1D2E0054B324 /* GoalApi.swift */,
				5D5BB78522319B78008823F6 /* ActionApi.swift */,
			);
			path = Api;
			sourceTree = "<group>";
		};
		5DF47ED1221F56BF008F2D88 /* Screens */ = {
			isa = PBXGroup;
			children = (
				5D10CEF52223619E00205B27 /* Show */,
				5D3F4AE42223245000B13FF8 /* List */,
				5D4B5FA72226FA9F00BA173D /* Create */,
			);
			path = Screens;
			sourceTree = "<group>";
		};
		5DF47ED2221F56CC008F2D88 /* Utils */ = {
			isa = PBXGroup;
			children = (
				5DF47ED3221F56ED008F2D88 /* LVTabbable.swift */,
				5D63A8CC221F581600871932 /* Theme.swift */,
				5D63A8D2221F62CA00871932 /* LVTabsController.swift */,
				5D63A8D6221F656100871932 /* LVFlatList.swift */,
				5D4B5FAA2226FCB900BA173D /* LVModable.swift */,
				5D4B5FAC2227055900BA173D /* LVViewControllable.swift */,
				5D032F8D2228BF6D000FCEEC /* Utils.swift */,
				5D032F912228CE51000FCEEC /* Documantable.swift */,
				5DDC4E85222C4DF70012A3B6 /* LVPushable.swift */,
				5DDC4E89222CB4FC0012A3B6 /* LVCell.swift */,
				5DDC4E8B222CD00C0012A3B6 /* Date.swift */,
				5DD87F382230A5D70054B324 /* LVViewModel.swift */,
				5D5BB78722319C54008823F6 /* Firestore.swift */,
				CA08D93E223209DC00E00E51 /* Locker.swift */,
			);
			path = Utils;
			sourceTree = "<group>";
		};
/* End PBXGroup section */

/* Begin PBXNativeTarget section */
		5D898211221DCDF400D4BE1C /* LaVie */ = {
			isa = PBXNativeTarget;
			buildConfigurationList = 5D89823A221DCDF400D4BE1C /* Build configuration list for PBXNativeTarget "LaVie" */;
			buildPhases = (
				6C9F91542460DD8D98964B17 /* [CP] Check Pods Manifest.lock */,
				5D89820E221DCDF400D4BE1C /* Sources */,
				5D89820F221DCDF400D4BE1C /* Frameworks */,
				5D898210221DCDF400D4BE1C /* Resources */,
				F89F8B987D6E24DE3ABEB097 /* [CP] Embed Pods Frameworks */,
			);
			buildRules = (
			);
			dependencies = (
			);
			name = LaVie;
			productName = LaVie;
			productReference = 5D898212221DCDF400D4BE1C /* LaVie.app */;
			productType = "com.apple.product-type.application";
		};
		5D898225221DCDF400D4BE1C /* LaVieTests */ = {
			isa = PBXNativeTarget;
			buildConfigurationList = 5D89823D221DCDF400D4BE1C /* Build configuration list for PBXNativeTarget "LaVieTests" */;
			buildPhases = (
				536BDB0FAE53C7D8FEFD4304 /* [CP] Check Pods Manifest.lock */,
				5D898222221DCDF400D4BE1C /* Sources */,
				5D898223221DCDF400D4BE1C /* Frameworks */,
				5D898224221DCDF400D4BE1C /* Resources */,
			);
			buildRules = (
			);
			dependencies = (
				5D898228221DCDF400D4BE1C /* PBXTargetDependency */,
			);
			name = LaVieTests;
			productName = LaVieTests;
			productReference = 5D898226221DCDF400D4BE1C /* LaVieTests.xctest */;
			productType = "com.apple.product-type.bundle.unit-test";
		};
		5D898230221DCDF400D4BE1C /* LaVieUITests */ = {
			isa = PBXNativeTarget;
			buildConfigurationList = 5D898240221DCDF400D4BE1C /* Build configuration list for PBXNativeTarget "LaVieUITests" */;
			buildPhases = (
				8D07D18F59BC8F3B228016FC /* [CP] Check Pods Manifest.lock */,
				5D89822D221DCDF400D4BE1C /* Sources */,
				5D89822E221DCDF400D4BE1C /* Frameworks */,
				5D89822F221DCDF400D4BE1C /* Resources */,
			);
			buildRules = (
			);
			dependencies = (
				5D898233221DCDF400D4BE1C /* PBXTargetDependency */,
			);
			name = LaVieUITests;
			productName = LaVieUITests;
			productReference = 5D898231221DCDF400D4BE1C /* LaVieUITests.xctest */;
			productType = "com.apple.product-type.bundle.ui-testing";
		};
/* End PBXNativeTarget section */

/* Begin PBXProject section */
		5D89820A221DCDF400D4BE1C /* Project object */ = {
			isa = PBXProject;
			attributes = {
				LastSwiftUpdateCheck = 1010;
				LastUpgradeCheck = 1010;
				ORGANIZATIONNAME = "Bruno Barreira";
				TargetAttributes = {
					5D898211221DCDF400D4BE1C = {
						CreatedOnToolsVersion = 10.1;
					};
					5D898225221DCDF400D4BE1C = {
						CreatedOnToolsVersion = 10.1;
						TestTargetID = 5D898211221DCDF400D4BE1C;
					};
					5D898230221DCDF400D4BE1C = {
						CreatedOnToolsVersion = 10.1;
						TestTargetID = 5D898211221DCDF400D4BE1C;
					};
				};
			};
			buildConfigurationList = 5D89820D221DCDF400D4BE1C /* Build configuration list for PBXProject "LaVie" */;
			compatibilityVersion = "Xcode 9.3";
			developmentRegion = en;
			hasScannedForEncodings = 0;
			knownRegions = (
				en,
				Base,
				"pt-BR",
			);
			mainGroup = 5D898209221DCDF400D4BE1C;
			productRefGroup = 5D898213221DCDF400D4BE1C /* Products */;
			projectDirPath = "";
			projectRoot = "";
			targets = (
				5D898211221DCDF400D4BE1C /* LaVie */,
				5D898225221DCDF400D4BE1C /* LaVieTests */,
				5D898230221DCDF400D4BE1C /* LaVieUITests */,
			);
		};
/* End PBXProject section */

/* Begin PBXResourcesBuildPhase section */
		5D898210221DCDF400D4BE1C /* Resources */ = {
			isa = PBXResourcesBuildPhase;
			buildActionMask = 2147483647;
			files = (
				5D898220221DCDF400D4BE1C /* LaunchScreen.storyboard in Resources */,
				5D032F892228BA50000FCEEC /* Localizable.strings in Resources */,
				5D89821D221DCDF400D4BE1C /* Assets.xcassets in Resources */,
				5D4B5FAF2227376E00BA173D /* GoogleService-Info.plist in Resources */,
			);
			runOnlyForDeploymentPostprocessing = 0;
		};
		5D898224221DCDF400D4BE1C /* Resources */ = {
			isa = PBXResourcesBuildPhase;
			buildActionMask = 2147483647;
			files = (
			);
			runOnlyForDeploymentPostprocessing = 0;
		};
		5D89822F221DCDF400D4BE1C /* Resources */ = {
			isa = PBXResourcesBuildPhase;
			buildActionMask = 2147483647;
			files = (
			);
			runOnlyForDeploymentPostprocessing = 0;
		};
/* End PBXResourcesBuildPhase section */

/* Begin PBXShellScriptBuildPhase section */
		536BDB0FAE53C7D8FEFD4304 /* [CP] Check Pods Manifest.lock */ = {
			isa = PBXShellScriptBuildPhase;
			buildActionMask = 2147483647;
			files = (
			);
			inputFileListPaths = (
			);
			inputPaths = (
				"${PODS_PODFILE_DIR_PATH}/Podfile.lock",
				"${PODS_ROOT}/Manifest.lock",
			);
			name = "[CP] Check Pods Manifest.lock";
			outputFileListPaths = (
			);
			outputPaths = (
				"$(DERIVED_FILE_DIR)/Pods-LaVieTests-checkManifestLockResult.txt",
			);
			runOnlyForDeploymentPostprocessing = 0;
			shellPath = /bin/sh;
			shellScript = "diff \"${PODS_PODFILE_DIR_PATH}/Podfile.lock\" \"${PODS_ROOT}/Manifest.lock\" > /dev/null\nif [ $? != 0 ] ; then\n    # print error to STDERR\n    echo \"error: The sandbox is not in sync with the Podfile.lock. Run 'pod install' or update your CocoaPods installation.\" >&2\n    exit 1\nfi\n# This output is used by Xcode 'outputs' to avoid re-running this script phase.\necho \"SUCCESS\" > \"${SCRIPT_OUTPUT_FILE_0}\"\n";
			showEnvVarsInLog = 0;
		};
		6C9F91542460DD8D98964B17 /* [CP] Check Pods Manifest.lock */ = {
			isa = PBXShellScriptBuildPhase;
			buildActionMask = 2147483647;
			files = (
			);
			inputFileListPaths = (
			);
			inputPaths = (
				"${PODS_PODFILE_DIR_PATH}/Podfile.lock",
				"${PODS_ROOT}/Manifest.lock",
			);
			name = "[CP] Check Pods Manifest.lock";
			outputFileListPaths = (
			);
			outputPaths = (
				"$(DERIVED_FILE_DIR)/Pods-LaVie-checkManifestLockResult.txt",
			);
			runOnlyForDeploymentPostprocessing = 0;
			shellPath = /bin/sh;
			shellScript = "diff \"${PODS_PODFILE_DIR_PATH}/Podfile.lock\" \"${PODS_ROOT}/Manifest.lock\" > /dev/null\nif [ $? != 0 ] ; then\n    # print error to STDERR\n    echo \"error: The sandbox is not in sync with the Podfile.lock. Run 'pod install' or update your CocoaPods installation.\" >&2\n    exit 1\nfi\n# This output is used by Xcode 'outputs' to avoid re-running this script phase.\necho \"SUCCESS\" > \"${SCRIPT_OUTPUT_FILE_0}\"\n";
			showEnvVarsInLog = 0;
		};
		8D07D18F59BC8F3B228016FC /* [CP] Check Pods Manifest.lock */ = {
			isa = PBXShellScriptBuildPhase;
			buildActionMask = 2147483647;
			files = (
			);
			inputFileListPaths = (
			);
			inputPaths = (
				"${PODS_PODFILE_DIR_PATH}/Podfile.lock",
				"${PODS_ROOT}/Manifest.lock",
			);
			name = "[CP] Check Pods Manifest.lock";
			outputFileListPaths = (
			);
			outputPaths = (
				"$(DERIVED_FILE_DIR)/Pods-LaVieUITests-checkManifestLockResult.txt",
			);
			runOnlyForDeploymentPostprocessing = 0;
			shellPath = /bin/sh;
			shellScript = "diff \"${PODS_PODFILE_DIR_PATH}/Podfile.lock\" \"${PODS_ROOT}/Manifest.lock\" > /dev/null\nif [ $? != 0 ] ; then\n    # print error to STDERR\n    echo \"error: The sandbox is not in sync with the Podfile.lock. Run 'pod install' or update your CocoaPods installation.\" >&2\n    exit 1\nfi\n# This output is used by Xcode 'outputs' to avoid re-running this script phase.\necho \"SUCCESS\" > \"${SCRIPT_OUTPUT_FILE_0}\"\n";
			showEnvVarsInLog = 0;
		};
		F89F8B987D6E24DE3ABEB097 /* [CP] Embed Pods Frameworks */ = {
			isa = PBXShellScriptBuildPhase;
			buildActionMask = 2147483647;
			files = (
			);
			inputFileListPaths = (
			);
			inputPaths = (
				"${PODS_ROOT}/Target Support Files/Pods-LaVie/Pods-LaVie-frameworks.sh",
				"${BUILT_PRODUCTS_DIR}/BoringSSL-GRPC/openssl_grpc.framework",
				"${BUILT_PRODUCTS_DIR}/Differentiator/Differentiator.framework",
				"${BUILT_PRODUCTS_DIR}/Eureka/Eureka.framework",
				"${BUILT_PRODUCTS_DIR}/FlexLayout/FlexLayout.framework",
				"${BUILT_PRODUCTS_DIR}/GoogleUtilities/GoogleUtilities.framework",
				"${BUILT_PRODUCTS_DIR}/Material/Material.framework",
				"${BUILT_PRODUCTS_DIR}/Motion/Motion.framework",
				"${BUILT_PRODUCTS_DIR}/PinLayout/PinLayout.framework",
				"${BUILT_PRODUCTS_DIR}/Protobuf/Protobuf.framework",
				"${BUILT_PRODUCTS_DIR}/RxAtomic/RxAtomic.framework",
				"${BUILT_PRODUCTS_DIR}/RxCocoa/RxCocoa.framework",
				"${BUILT_PRODUCTS_DIR}/RxDataSources/RxDataSources.framework",
				"${BUILT_PRODUCTS_DIR}/RxSwift/RxSwift.framework",
				"${BUILT_PRODUCTS_DIR}/gRPC-C++/grpcpp.framework",
				"${BUILT_PRODUCTS_DIR}/gRPC-Core/grpc.framework",
				"${BUILT_PRODUCTS_DIR}/leveldb-library/leveldb.framework",
				"${BUILT_PRODUCTS_DIR}/nanopb/nanopb.framework",
			);
			name = "[CP] Embed Pods Frameworks";
			outputFileListPaths = (
			);
			outputPaths = (
				"${TARGET_BUILD_DIR}/${FRAMEWORKS_FOLDER_PATH}/openssl_grpc.framework",
				"${TARGET_BUILD_DIR}/${FRAMEWORKS_FOLDER_PATH}/Differentiator.framework",
				"${TARGET_BUILD_DIR}/${FRAMEWORKS_FOLDER_PATH}/Eureka.framework",
				"${TARGET_BUILD_DIR}/${FRAMEWORKS_FOLDER_PATH}/FlexLayout.framework",
				"${TARGET_BUILD_DIR}/${FRAMEWORKS_FOLDER_PATH}/GoogleUtilities.framework",
				"${TARGET_BUILD_DIR}/${FRAMEWORKS_FOLDER_PATH}/Material.framework",
				"${TARGET_BUILD_DIR}/${FRAMEWORKS_FOLDER_PATH}/Motion.framework",
				"${TARGET_BUILD_DIR}/${FRAMEWORKS_FOLDER_PATH}/PinLayout.framework",
				"${TARGET_BUILD_DIR}/${FRAMEWORKS_FOLDER_PATH}/Protobuf.framework",
				"${TARGET_BUILD_DIR}/${FRAMEWORKS_FOLDER_PATH}/RxAtomic.framework",
				"${TARGET_BUILD_DIR}/${FRAMEWORKS_FOLDER_PATH}/RxCocoa.framework",
				"${TARGET_BUILD_DIR}/${FRAMEWORKS_FOLDER_PATH}/RxDataSources.framework",
				"${TARGET_BUILD_DIR}/${FRAMEWORKS_FOLDER_PATH}/RxSwift.framework",
				"${TARGET_BUILD_DIR}/${FRAMEWORKS_FOLDER_PATH}/grpcpp.framework",
				"${TARGET_BUILD_DIR}/${FRAMEWORKS_FOLDER_PATH}/grpc.framework",
				"${TARGET_BUILD_DIR}/${FRAMEWORKS_FOLDER_PATH}/leveldb.framework",
				"${TARGET_BUILD_DIR}/${FRAMEWORKS_FOLDER_PATH}/nanopb.framework",
			);
			runOnlyForDeploymentPostprocessing = 0;
			shellPath = /bin/sh;
			shellScript = "\"${PODS_ROOT}/Target Support Files/Pods-LaVie/Pods-LaVie-frameworks.sh\"\n";
			showEnvVarsInLog = 0;
		};
/* End PBXShellScriptBuildPhase section */

/* Begin PBXSourcesBuildPhase section */
		5D89820E221DCDF400D4BE1C /* Sources */ = {
			isa = PBXSourcesBuildPhase;
			buildActionMask = 2147483647;
			files = (
				5D4B5FA92226FAF100BA173D /* GoalCreateViewController.swift in Sources */,
				5DD87F392230A5D70054B324 /* LVViewModel.swift in Sources */,
				5DD87F372230A3FA0054B324 /* ActionSectionModel.swift in Sources */,
				5DD87F30222EFE280054B324 /* GoalListViewModel.swift in Sources */,
				5D10CEF7222361AD00205B27 /* GoalShowViewController.swift in Sources */,
				5D63A8D7221F656100871932 /* LVFlatList.swift in Sources */,
				5D032F8E2228BF6D000FCEEC /* Utils.swift in Sources */,
				5D5BB78622319B78008823F6 /* ActionApi.swift in Sources */,
				5DD87F3B2230AD8B0054B324 /* ActionCell.swift in Sources */,
				5D4B5FAB2226FCB900BA173D /* LVModable.swift in Sources */,
				5D63A8CD221F581600871932 /* Theme.swift in Sources */,
				5D63A8D3221F62CA00871932 /* LVTabsController.swift in Sources */,
				5DDC4E88222C53540012A3B6 /* Action.swift in Sources */,
				5DDC4E8A222CB4FC0012A3B6 /* LVCell.swift in Sources */,
				5D3F4AE6222324A900B13FF8 /* GoalCell.swift in Sources */,
				5DF47ED4221F56ED008F2D88 /* LVTabbable.swift in Sources */,
				5D63A8D5221F63C800871932 /* GoalListViewController.swift in Sources */,
				5D5BB78822319C54008823F6 /* Firestore.swift in Sources */,
				5D4B5FAD2227055900BA173D /* LVViewControllable.swift in Sources */,
				CA08D93F223209DC00E00E51 /* Locker.swift in Sources */,
				5D3F4AE9222324DF00B13FF8 /* Goal.swift in Sources */,
				5DD87F35223046F30054B324 /* GoalShowViewModel.swift in Sources */,
				5D032F922228CE51000FCEEC /* Documantable.swift in Sources */,
				5DDC4E8C222CD00C0012A3B6 /* Date.swift in Sources */,
				5DD87F33222F1D2E0054B324 /* GoalApi.swift in Sources */,
				5D032F902228CCB5000FCEEC /* Aspect.swift in Sources */,
				5D4B5FB322276EF000BA173D /* AspectManager.swift in Sources */,
				5D898216221DCDF400D4BE1C /* AppDelegate.swift in Sources */,
				5DDC4E86222C4DF70012A3B6 /* LVPushable.swift in Sources */,
			);
			runOnlyForDeploymentPostprocessing = 0;
		};
		5D898222221DCDF400D4BE1C /* Sources */ = {
			isa = PBXSourcesBuildPhase;
			buildActionMask = 2147483647;
			files = (
				5D89822B221DCDF400D4BE1C /* LaVieTests.swift in Sources */,
			);
			runOnlyForDeploymentPostprocessing = 0;
		};
		5D89822D221DCDF400D4BE1C /* Sources */ = {
			isa = PBXSourcesBuildPhase;
			buildActionMask = 2147483647;
			files = (
				5D898236221DCDF400D4BE1C /* LaVieUITests.swift in Sources */,
			);
			runOnlyForDeploymentPostprocessing = 0;
		};
/* End PBXSourcesBuildPhase section */

/* Begin PBXTargetDependency section */
		5D898228221DCDF400D4BE1C /* PBXTargetDependency */ = {
			isa = PBXTargetDependency;
			target = 5D898211221DCDF400D4BE1C /* LaVie */;
			targetProxy = 5D898227221DCDF400D4BE1C /* PBXContainerItemProxy */;
		};
		5D898233221DCDF400D4BE1C /* PBXTargetDependency */ = {
			isa = PBXTargetDependency;
			target = 5D898211221DCDF400D4BE1C /* LaVie */;
			targetProxy = 5D898232221DCDF400D4BE1C /* PBXContainerItemProxy */;
		};
/* End PBXTargetDependency section */

/* Begin PBXVariantGroup section */
		5D032F8B2228BA50000FCEEC /* Localizable.strings */ = {
			isa = PBXVariantGroup;
			children = (
				5D032F8A2228BA50000FCEEC /* en */,
				5D032F8C2228BA52000FCEEC /* pt-BR */,
			);
			name = Localizable.strings;
			sourceTree = "<group>";
		};
		5D89821E221DCDF400D4BE1C /* LaunchScreen.storyboard */ = {
			isa = PBXVariantGroup;
			children = (
				5D89821F221DCDF400D4BE1C /* Base */,
				5D032F862228B9D3000FCEEC /* pt-BR */,
			);
			name = LaunchScreen.storyboard;
			sourceTree = "<group>";
		};
/* End PBXVariantGroup section */

/* Begin XCBuildConfiguration section */
		5D898238221DCDF400D4BE1C /* Debug */ = {
			isa = XCBuildConfiguration;
			buildSettings = {
				ALWAYS_SEARCH_USER_PATHS = NO;
				CLANG_ANALYZER_LOCALIZABILITY_NONLOCALIZED = YES;
				CLANG_ANALYZER_NONNULL = YES;
				CLANG_ANALYZER_NUMBER_OBJECT_CONVERSION = YES_AGGRESSIVE;
				CLANG_CXX_LANGUAGE_STANDARD = "gnu++14";
				CLANG_CXX_LIBRARY = "libc++";
				CLANG_ENABLE_MODULES = YES;
				CLANG_ENABLE_OBJC_ARC = YES;
				CLANG_ENABLE_OBJC_WEAK = YES;
				CLANG_WARN_BLOCK_CAPTURE_AUTORELEASING = YES;
				CLANG_WARN_BOOL_CONVERSION = YES;
				CLANG_WARN_COMMA = YES;
				CLANG_WARN_CONSTANT_CONVERSION = YES;
				CLANG_WARN_DEPRECATED_OBJC_IMPLEMENTATIONS = YES;
				CLANG_WARN_DIRECT_OBJC_ISA_USAGE = YES_ERROR;
				CLANG_WARN_DOCUMENTATION_COMMENTS = YES;
				CLANG_WARN_EMPTY_BODY = YES;
				CLANG_WARN_ENUM_CONVERSION = YES;
				CLANG_WARN_INFINITE_RECURSION = YES;
				CLANG_WARN_INT_CONVERSION = YES;
				CLANG_WARN_NON_LITERAL_NULL_CONVERSION = YES;
				CLANG_WARN_OBJC_IMPLICIT_RETAIN_SELF = YES;
				CLANG_WARN_OBJC_LITERAL_CONVERSION = YES;
				CLANG_WARN_OBJC_ROOT_CLASS = YES_ERROR;
				CLANG_WARN_RANGE_LOOP_ANALYSIS = YES;
				CLANG_WARN_STRICT_PROTOTYPES = YES;
				CLANG_WARN_SUSPICIOUS_MOVE = YES;
				CLANG_WARN_UNGUARDED_AVAILABILITY = YES_AGGRESSIVE;
				CLANG_WARN_UNREACHABLE_CODE = YES;
				CLANG_WARN__DUPLICATE_METHOD_MATCH = YES;
				CODE_SIGN_IDENTITY = "iPhone Developer";
				COPY_PHASE_STRIP = NO;
				DEBUG_INFORMATION_FORMAT = dwarf;
				ENABLE_STRICT_OBJC_MSGSEND = YES;
				ENABLE_TESTABILITY = YES;
				GCC_C_LANGUAGE_STANDARD = gnu11;
				GCC_DYNAMIC_NO_PIC = NO;
				GCC_NO_COMMON_BLOCKS = YES;
				GCC_OPTIMIZATION_LEVEL = 0;
				GCC_PREPROCESSOR_DEFINITIONS = (
					"DEBUG=1",
					"$(inherited)",
				);
				GCC_WARN_64_TO_32_BIT_CONVERSION = YES;
				GCC_WARN_ABOUT_RETURN_TYPE = YES_ERROR;
				GCC_WARN_UNDECLARED_SELECTOR = YES;
				GCC_WARN_UNINITIALIZED_AUTOS = YES_AGGRESSIVE;
				GCC_WARN_UNUSED_FUNCTION = YES;
				GCC_WARN_UNUSED_VARIABLE = YES;
				IPHONEOS_DEPLOYMENT_TARGET = 12.1;
				MTL_ENABLE_DEBUG_INFO = INCLUDE_SOURCE;
				MTL_FAST_MATH = YES;
				ONLY_ACTIVE_ARCH = YES;
				SDKROOT = iphoneos;
				SWIFT_ACTIVE_COMPILATION_CONDITIONS = DEBUG;
				SWIFT_OPTIMIZATION_LEVEL = "-Onone";
			};
			name = Debug;
		};
		5D898239221DCDF400D4BE1C /* Release */ = {
			isa = XCBuildConfiguration;
			buildSettings = {
				ALWAYS_SEARCH_USER_PATHS = NO;
				CLANG_ANALYZER_LOCALIZABILITY_NONLOCALIZED = YES;
				CLANG_ANALYZER_NONNULL = YES;
				CLANG_ANALYZER_NUMBER_OBJECT_CONVERSION = YES_AGGRESSIVE;
				CLANG_CXX_LANGUAGE_STANDARD = "gnu++14";
				CLANG_CXX_LIBRARY = "libc++";
				CLANG_ENABLE_MODULES = YES;
				CLANG_ENABLE_OBJC_ARC = YES;
				CLANG_ENABLE_OBJC_WEAK = YES;
				CLANG_WARN_BLOCK_CAPTURE_AUTORELEASING = YES;
				CLANG_WARN_BOOL_CONVERSION = YES;
				CLANG_WARN_COMMA = YES;
				CLANG_WARN_CONSTANT_CONVERSION = YES;
				CLANG_WARN_DEPRECATED_OBJC_IMPLEMENTATIONS = YES;
				CLANG_WARN_DIRECT_OBJC_ISA_USAGE = YES_ERROR;
				CLANG_WARN_DOCUMENTATION_COMMENTS = YES;
				CLANG_WARN_EMPTY_BODY = YES;
				CLANG_WARN_ENUM_CONVERSION = YES;
				CLANG_WARN_INFINITE_RECURSION = YES;
				CLANG_WARN_INT_CONVERSION = YES;
				CLANG_WARN_NON_LITERAL_NULL_CONVERSION = YES;
				CLANG_WARN_OBJC_IMPLICIT_RETAIN_SELF = YES;
				CLANG_WARN_OBJC_LITERAL_CONVERSION = YES;
				CLANG_WARN_OBJC_ROOT_CLASS = YES_ERROR;
				CLANG_WARN_RANGE_LOOP_ANALYSIS = YES;
				CLANG_WARN_STRICT_PROTOTYPES = YES;
				CLANG_WARN_SUSPICIOUS_MOVE = YES;
				CLANG_WARN_UNGUARDED_AVAILABILITY = YES_AGGRESSIVE;
				CLANG_WARN_UNREACHABLE_CODE = YES;
				CLANG_WARN__DUPLICATE_METHOD_MATCH = YES;
				CODE_SIGN_IDENTITY = "iPhone Developer";
				COPY_PHASE_STRIP = NO;
				DEBUG_INFORMATION_FORMAT = "dwarf-with-dsym";
				ENABLE_NS_ASSERTIONS = NO;
				ENABLE_STRICT_OBJC_MSGSEND = YES;
				GCC_C_LANGUAGE_STANDARD = gnu11;
				GCC_NO_COMMON_BLOCKS = YES;
				GCC_WARN_64_TO_32_BIT_CONVERSION = YES;
				GCC_WARN_ABOUT_RETURN_TYPE = YES_ERROR;
				GCC_WARN_UNDECLARED_SELECTOR = YES;
				GCC_WARN_UNINITIALIZED_AUTOS = YES_AGGRESSIVE;
				GCC_WARN_UNUSED_FUNCTION = YES;
				GCC_WARN_UNUSED_VARIABLE = YES;
				IPHONEOS_DEPLOYMENT_TARGET = 12.1;
				MTL_ENABLE_DEBUG_INFO = NO;
				MTL_FAST_MATH = YES;
				SDKROOT = iphoneos;
				SWIFT_COMPILATION_MODE = wholemodule;
				SWIFT_OPTIMIZATION_LEVEL = "-O";
				VALIDATE_PRODUCT = YES;
			};
			name = Release;
		};
		5D89823B221DCDF400D4BE1C /* Debug */ = {
			isa = XCBuildConfiguration;
			baseConfigurationReference = 05201C67F33E3DFEDC1AC5FE /* Pods-LaVie.debug.xcconfig */;
			buildSettings = {
				ASSETCATALOG_COMPILER_APPICON_NAME = AppIcon;
				CODE_SIGN_STYLE = Automatic;
				DEVELOPMENT_TEAM = DJ44VA47GF;
				INFOPLIST_FILE = LaVie/Info.plist;
				LD_RUNPATH_SEARCH_PATHS = (
					"$(inherited)",
					"@executable_path/Frameworks",
				);
				PRODUCT_BUNDLE_IDENTIFIER = bruunoromero.LaVie;
				PRODUCT_NAME = "$(TARGET_NAME)";
				SWIFT_VERSION = 4.2;
				TARGETED_DEVICE_FAMILY = "1,2";
			};
			name = Debug;
		};
		5D89823C221DCDF400D4BE1C /* Release */ = {
			isa = XCBuildConfiguration;
			baseConfigurationReference = F7AECAD9360D8A91AC2C1855 /* Pods-LaVie.release.xcconfig */;
			buildSettings = {
				ASSETCATALOG_COMPILER_APPICON_NAME = AppIcon;
				CODE_SIGN_STYLE = Automatic;
				DEVELOPMENT_TEAM = DJ44VA47GF;
				INFOPLIST_FILE = LaVie/Info.plist;
				LD_RUNPATH_SEARCH_PATHS = (
					"$(inherited)",
					"@executable_path/Frameworks",
				);
				PRODUCT_BUNDLE_IDENTIFIER = bruunoromero.LaVie;
				PRODUCT_NAME = "$(TARGET_NAME)";
				SWIFT_VERSION = 4.2;
				TARGETED_DEVICE_FAMILY = "1,2";
			};
			name = Release;
		};
		5D89823E221DCDF400D4BE1C /* Debug */ = {
			isa = XCBuildConfiguration;
			baseConfigurationReference = 4073E1B04FF03196EDA1F659 /* Pods-LaVieTests.debug.xcconfig */;
			buildSettings = {
				ALWAYS_EMBED_SWIFT_STANDARD_LIBRARIES = YES;
				BUNDLE_LOADER = "$(TEST_HOST)";
				CODE_SIGN_STYLE = Automatic;
				INFOPLIST_FILE = LaVieTests/Info.plist;
				LD_RUNPATH_SEARCH_PATHS = (
					"$(inherited)",
					"@executable_path/Frameworks",
					"@loader_path/Frameworks",
				);
				PRODUCT_BUNDLE_IDENTIFIER = bruunoromero.LaVieTests;
				PRODUCT_NAME = "$(TARGET_NAME)";
				SWIFT_VERSION = 4.2;
				TARGETED_DEVICE_FAMILY = "1,2";
				TEST_HOST = "$(BUILT_PRODUCTS_DIR)/LaVie.app/LaVie";
			};
			name = Debug;
		};
		5D89823F221DCDF400D4BE1C /* Release */ = {
			isa = XCBuildConfiguration;
			baseConfigurationReference = A29E00AAFD6C3EB27072C51F /* Pods-LaVieTests.release.xcconfig */;
			buildSettings = {
				ALWAYS_EMBED_SWIFT_STANDARD_LIBRARIES = YES;
				BUNDLE_LOADER = "$(TEST_HOST)";
				CODE_SIGN_STYLE = Automatic;
				INFOPLIST_FILE = LaVieTests/Info.plist;
				LD_RUNPATH_SEARCH_PATHS = (
					"$(inherited)",
					"@executable_path/Frameworks",
					"@loader_path/Frameworks",
				);
				PRODUCT_BUNDLE_IDENTIFIER = bruunoromero.LaVieTests;
				PRODUCT_NAME = "$(TARGET_NAME)";
				SWIFT_VERSION = 4.2;
				TARGETED_DEVICE_FAMILY = "1,2";
				TEST_HOST = "$(BUILT_PRODUCTS_DIR)/LaVie.app/LaVie";
			};
			name = Release;
		};
		5D898241221DCDF400D4BE1C /* Debug */ = {
			isa = XCBuildConfiguration;
			baseConfigurationReference = 34BA88A6E2906DB4AF280F69 /* Pods-LaVieUITests.debug.xcconfig */;
			buildSettings = {
				ALWAYS_EMBED_SWIFT_STANDARD_LIBRARIES = YES;
				CODE_SIGN_STYLE = Automatic;
				INFOPLIST_FILE = LaVieUITests/Info.plist;
				LD_RUNPATH_SEARCH_PATHS = (
					"$(inherited)",
					"@executable_path/Frameworks",
					"@loader_path/Frameworks",
				);
				PRODUCT_BUNDLE_IDENTIFIER = bruunoromero.LaVieUITests;
				PRODUCT_NAME = "$(TARGET_NAME)";
				SWIFT_VERSION = 4.2;
				TARGETED_DEVICE_FAMILY = "1,2";
				TEST_TARGET_NAME = LaVie;
			};
			name = Debug;
		};
		5D898242221DCDF400D4BE1C /* Release */ = {
			isa = XCBuildConfiguration;
			baseConfigurationReference = F33D041D97A4BF6EB0C867EB /* Pods-LaVieUITests.release.xcconfig */;
			buildSettings = {
				ALWAYS_EMBED_SWIFT_STANDARD_LIBRARIES = YES;
				CODE_SIGN_STYLE = Automatic;
				INFOPLIST_FILE = LaVieUITests/Info.plist;
				LD_RUNPATH_SEARCH_PATHS = (
					"$(inherited)",
					"@executable_path/Frameworks",
					"@loader_path/Frameworks",
				);
				PRODUCT_BUNDLE_IDENTIFIER = bruunoromero.LaVieUITests;
				PRODUCT_NAME = "$(TARGET_NAME)";
				SWIFT_VERSION = 4.2;
				TARGETED_DEVICE_FAMILY = "1,2";
				TEST_TARGET_NAME = LaVie;
			};
			name = Release;
		};
/* End XCBuildConfiguration section */

/* Begin XCConfigurationList section */
		5D89820D221DCDF400D4BE1C /* Build configuration list for PBXProject "LaVie" */ = {
			isa = XCConfigurationList;
			buildConfigurations = (
				5D898238221DCDF400D4BE1C /* Debug */,
				5D898239221DCDF400D4BE1C /* Release */,
			);
			defaultConfigurationIsVisible = 0;
			defaultConfigurationName = Release;
		};
		5D89823A221DCDF400D4BE1C /* Build configuration list for PBXNativeTarget "LaVie" */ = {
			isa = XCConfigurationList;
			buildConfigurations = (
				5D89823B221DCDF400D4BE1C /* Debug */,
				5D89823C221DCDF400D4BE1C /* Release */,
			);
			defaultConfigurationIsVisible = 0;
			defaultConfigurationName = Release;
		};
		5D89823D221DCDF400D4BE1C /* Build configuration list for PBXNativeTarget "LaVieTests" */ = {
			isa = XCConfigurationList;
			buildConfigurations = (
				5D89823E221DCDF400D4BE1C /* Debug */,
				5D89823F221DCDF400D4BE1C /* Release */,
			);
			defaultConfigurationIsVisible = 0;
			defaultConfigurationName = Release;
		};
		5D898240221DCDF400D4BE1C /* Build configuration list for PBXNativeTarget "LaVieUITests" */ = {
			isa = XCConfigurationList;
			buildConfigurations = (
				5D898241221DCDF400D4BE1C /* Debug */,
				5D898242221DCDF400D4BE1C /* Release */,
			);
			defaultConfigurationIsVisible = 0;
			defaultConfigurationName = Release;
		};
/* End XCConfigurationList section */
	};
	rootObject = 5D89820A221DCDF400D4BE1C /* Project object */;
}
